
Microsoft Visual Studio Solution File, Format Version 12.00
# Visual Studio Version 17
VisualStudioVersion = 17.11.35312.102
MinimumVisualStudioVersion = 10.0.40219.1
Project("{FAE04EC0-301F-11D3-BF4B-00C04F79EFBC}") = "CatsFromApi", "CatsFromApi.csproj", "{B90FCD5B-A7F2-4A69-BAFB-547B5CF1ED3E}"
EndProject
Global
	GlobalSection(SolutionConfigurationPlatforms) = preSolution
		Debug|Any CPU = Debug|Any CPU
		Release|Any CPU = Release|Any CPU
	EndGlobalSection
	GlobalSection(ProjectConfigurationPlatforms) = postSolution
		{B90FCD5B-A7F2-4A69-BAFB-547B5CF1ED3E}.Debug|Any CPU.ActiveCfg = Debug|Any CPU
		{B90FCD5B-A7F2-4A69-BAFB-547B5CF1ED3E}.Debug|Any CPU.Build.0 = Debug|Any CPU
		{B90FCD5B-A7F2-4A69-BAFB-547B5CF1ED3E}.Debug|Any CPU.Deploy.0 = Debug|Any CPU
		{B90FCD5B-A7F2-4A69-BAFB-547B5CF1ED3E}.Release|Any CPU.ActiveCfg = Release|Any CPU
		{B90FCD5B-A7F2-4A69-BAFB-547B5CF1ED3E}.Release|Any CPU.Build.0 = Release|Any CPU
		{B90FCD5B-A7F2-4A69-BAFB-547B5CF1ED3E}.Release|Any CPU.Deploy.0 = Release|Any CPU
	EndGlobalSection
	GlobalSection(SolutionProperties) = preSolution
		HideSolutionNode = FALSE
	EndGlobalSection
	GlobalSection(ExtensibilityGlobals) = postSolution
		SolutionGuid = {50B28536-89ED-46E6-8F1D-04CF65CD869C}
	EndGlobalSection
EndGlobal
